<?xml version="1.0" encoding="utf-8"?>
<Project ToolsVersion="4.0" xmlns="http://schemas.microsoft.com/developer/msbuild/2003">
  <ItemGroup>
    <Filter Include="资源文件">
      <UniqueIdentifier>{67DA6AB6-F800-4c08-8B7A-83BB121AAD01}</UniqueIdentifier>
      <Extensions>rc;ico;cur;bmp;dlg;rc2;rct;bin;rgs;gif;jpg;jpeg;jpe;resx;tiff;tif;png;wav;mfcribbon-ms</Extensions>
    </Filter>
    <Filter Include="src">
      <UniqueIdentifier>{4FC737F1-C7A5-4376-A066-2A32D752A2FF}</UniqueIdentifier>
      <Extensions>cpp;c;cc;cxx;c++;cppm;ixx;def;odl;idl;hpj;bat;asm;asmx</Extensions>
    </Filter>
    <Filter Include="include">
      <UniqueIdentifier>{fb64f234-741a-4512-9f92-ff8cddebc13c}</UniqueIdentifier>
    </Filter>
    <Filter Include="include\Render">
      <UniqueIdentifier>{5beba128-f75c-489d-aea2-eb960f783d54}</UniqueIdentifier>
    </Filter>
    <Filter Include="include\GameLogic">
      <UniqueIdentifier>{feefdb31-f989-40d5-998a-39db35f5e5e3}</UniqueIdentifier>
    </Filter>
    <Filter Include="include\Scene">
      <UniqueIdentifier>{2df1c25e-9cbd-4ab1-8139-eaace61a3848}</UniqueIdentifier>
    </Filter>
    <Filter Include="include\Common">
      <UniqueIdentifier>{ed738891-7c4d-41fd-a6e4-125b74772f4f}</UniqueIdentifier>
    </Filter>
    <Filter Include="include\Common\Vertex">
      <UniqueIdentifier>{06b20cb5-9baf-4c94-9a7f-7cc6db0bf24a}</UniqueIdentifier>
    </Filter>
    <Filter Include="ThirdParty">
      <UniqueIdentifier>{ffe94077-445d-4732-bcdc-7adc2080ac7c}</UniqueIdentifier>
    </Filter>
    <Filter Include="include\Render\Graphics">
      <UniqueIdentifier>{644201a7-2fed-4155-9dff-6660ef249458}</UniqueIdentifier>
    </Filter>
    <Filter Include="include\Render\Graphics\Resource">
      <UniqueIdentifier>{5d6ad618-76a6-4c41-af8d-6957bf9b5270}</UniqueIdentifier>
    </Filter>
    <Filter Include="include\Render\Graphics\Command">
      <UniqueIdentifier>{f70c2cac-f390-49e0-b0e8-d8ff7ed0f638}</UniqueIdentifier>
    </Filter>
    <Filter Include="include\Render\Graphics\Descriptor">
      <UniqueIdentifier>{ea4dcd6a-8fff-4e1f-a1d0-a44da96e4288}</UniqueIdentifier>
    </Filter>
    <Filter Include="include\Render\Graphics\Pipeline">
      <UniqueIdentifier>{faf19bee-67d6-4e6f-b9c4-bb63c9dd3f1b}</UniqueIdentifier>
    </Filter>
    <Filter Include="include\Render\Common">
      <UniqueIdentifier>{fa078cd2-9a95-48f7-8771-c13a931c1614}</UniqueIdentifier>
    </Filter>
    <Filter Include="include\Render\Render">
      <UniqueIdentifier>{a71841ed-7d9c-420a-a4f8-c42b5f325d42}</UniqueIdentifier>
    </Filter>
    <Filter Include="include\Render\Material">
      <UniqueIdentifier>{b042fc9b-8f6d-45cc-ad28-60b9063bb673}</UniqueIdentifier>
    </Filter>
    <Filter Include="include\Render\Light">
      <UniqueIdentifier>{70c14a72-fbd5-48fc-8f9d-232ce280dc98}</UniqueIdentifier>
    </Filter>
  </ItemGroup>
  <ItemGroup>
    <ClInclude Include="Source\include\Common\Vertex\Vertex.h">
      <Filter>include\Common\Vertex</Filter>
    </ClInclude>
    <ClInclude Include="Source\include\Scene\SceneManager.h">
      <Filter>include\Scene</Filter>
    </ClInclude>
    <ClInclude Include="Source\include\Headers.hpp">
      <Filter>include</Filter>
    </ClInclude>
    <ClInclude Include="Source\include\ZCF_engine.h">
      <Filter>include</Filter>
    </ClInclude>
    <ClInclude Include="Source\include\Scene\Scene.hpp">
      <Filter>include\Scene</Filter>
    </ClInclude>
    <ClInclude Include="Source\include\GameLogic\GameLogic.hpp">
      <Filter>include\GameLogic</Filter>
    </ClInclude>
    <ClInclude Include="Source\include\Common\Common.hpp">
      <Filter>include\Common</Filter>
    </ClInclude>
    <ClInclude Include="Source\include\Render\d3dx12.h">
      <Filter>include\Render\Common</Filter>
    </ClInclude>
    <ClInclude Include="Source\include\Scene\ScenePrimitive.h">
      <Filter>include\Scene</Filter>
    </ClInclude>
    <ClInclude Include="Source\include\Scene\Scene_Helper.h">
      <Filter>include\Scene</Filter>
    </ClInclude>
    <ClInclude Include="Source\include\Scene\SceneLoader.h">
      <Filter>include\Scene</Filter>
    </ClInclude>
    <ClInclude Include="Source\thirdparty\stb\stb_image.h">
      <Filter>ThirdParty</Filter>
    </ClInclude>
    <ClInclude Include="Source\thirdparty\tinyobjloader-release\tiny_obj_loader.h">
      <Filter>ThirdParty</Filter>
    </ClInclude>
    <ClInclude Include="Source\include\GameLogic\Game_Timer.h">
      <Filter>include\GameLogic</Filter>
    </ClInclude>
    <ClInclude Include="Source\include\Render\d3dUtil.h">
      <Filter>include\Render\Common</Filter>
    </ClInclude>
    <ClInclude Include="Source\include\Render\MathHelper.h">
      <Filter>include\Render\Common</Filter>
    </ClInclude>
    <ClInclude Include="Source\include\Render\UploadBuffer.h">
      <Filter>include\Render\Common</Filter>
    </ClInclude>
    <ClInclude Include="Source\include\Common\DX_Camera.h">
      <Filter>include\Common</Filter>
    </ClInclude>
    <ClInclude Include="Source\include\GameLogic\CameraControl.h">
      <Filter>include\GameLogic</Filter>
    </ClInclude>
    <ClInclude Include="Source\include\Render\TextureLoader.h">
      <Filter>include\Render\Common</Filter>
    </ClInclude>
  </ItemGroup>
  <ItemGroup>
    <ClCompile Include="Source\src\ZCF_engine.cpp">
      <Filter>src</Filter>
    </ClCompile>
    <ClCompile Include="Source\src\Renderer.cpp">
      <Filter>src</Filter>
    </ClCompile>
    <ClCompile Include="Source\src\Device_Windows.cpp">
      <Filter>src</Filter>
    </ClCompile>
    <ClCompile Include="Source\src\Headers.cpp">
      <Filter>include</Filter>
    </ClCompile>
    <ClCompile Include="Source\src\SceneManager.cpp">
      <Filter>src</Filter>
    </ClCompile>
    <ClCompile Include="Source\src\RenderManager.cpp">
      <Filter>src</Filter>
    </ClCompile>
    <ClCompile Include="Source\src\ResAttribute.cpp">
      <Filter>src</Filter>
    </ClCompile>
    <ClCompile Include="Source\src\RenderPassInfo.cpp">
      <Filter>src</Filter>
    </ClCompile>
    <ClCompile Include="Source\src\ScenePrimitive.cpp">
      <Filter>src</Filter>
    </ClCompile>
    <ClCompile Include="Source\src\DX_Camera.cpp">
      <Filter>src</Filter>
    </ClCompile>
    <ClCompile Include="Source\src\Game_Timer.cpp">
      <Filter>src</Filter>
    </ClCompile>
    <ClCompile Include="Source\src\SceneLoader.cpp">
      <Filter>src</Filter>
    </ClCompile>
    <ClCompile Include="Source\src\d3dUtil.cpp">
      <Filter>src</Filter>
    </ClCompile>
    <ClCompile Include="Source\src\MathHelper.cpp">
      <Filter>src</Filter>
    </ClCompile>
    <ClCompile Include="Source\src\RenderFrameGraph.cpp">
      <Filter>src</Filter>
    </ClCompile>
    <ClCompile Include="Source\src\CameraControl.cpp">
      <Filter>src</Filter>
    </ClCompile>
    <ClCompile Include="Source\src\RenderPSO.cpp">
      <Filter>src</Filter>
    </ClCompile>
    <ClCompile Include="Source\src\TextureLoader.cpp">
      <Filter>src</Filter>
    </ClCompile>
  </ItemGroup>
  <ItemGroup>
    <None Include="cpp.hint" />
  </ItemGroup>
  <ItemGroup>
    <FxCompile Include="Source\shaders\DepthPass.hlsl">
      <Filter>资源文件</Filter>
    </FxCompile>
    <FxCompile Include="Source\shaders\GBufferPass.hlsl">
      <Filter>资源文件</Filter>
    </FxCompile>
  </ItemGroup>
</Project>